
Microsoft Visual Studio Solution File, Format Version 12.00
# Visual Studio Version 17
VisualStudioVersion = 17.0.32112.339
MinimumVisualStudioVersion = 10.0.40219.1
Project("{FAE04EC0-301F-11D3-BF4B-00C04F79EFBC}") = "Homework2", "Homework2\Homework2.csproj", "{0F65F3D1-1D6D-4929-8CC0-D985706E681A}"
EndProject
Global
	GlobalSection(SolutionConfigurationPlatforms) = preSolution
		Debug|Any CPU = Debug|Any CPU
		Release|Any CPU = Release|Any CPU
	EndGlobalSection
	GlobalSection(ProjectConfigurationPlatforms) = postSolution
		{0F65F3D1-1D6D-4929-8CC0-D985706E681A}.Debug|Any CPU.ActiveCfg = Debug|Any CPU
		{0F65F3D1-1D6D-4929-8CC0-D985706E681A}.Debug|Any CPU.Build.0 = Debug|Any CPU
		{0F65F3D1-1D6D-4929-8CC0-D985706E681A}.Release|Any CPU.ActiveCfg = Release|Any CPU
		{0F65F3D1-1D6D-4929-8CC0-D985706E681A}.Release|Any CPU.Build.0 = Release|Any CPU
	EndGlobalSection
	GlobalSection(SolutionProperties) = preSolution
		HideSolutionNode = FALSE
	EndGlobalSection
	GlobalSection(ExtensibilityGlobals) = postSolution
		SolutionGuid = {CD1CFBF6-6B54-4C12-BE9C-9F45F2DFB59F}
	EndGlobalSection
EndGlobal
