
Microsoft Visual Studio Solution File, Format Version 12.00
# Visual Studio Version 16
VisualStudioVersion = 16.0.30523.141
MinimumVisualStudioVersion = 10.0.40219.1
Project("{FAE04EC0-301F-11D3-BF4B-00C04F79EFBC}") = "треугольник313Ладвинский", "треугольник313Ладвинский.csproj", "{1DC2536B-84D2-409F-ACB5-34590E0C6704}"
EndProject
Global
	GlobalSection(SolutionConfigurationPlatforms) = preSolution
		Debug|Any CPU = Debug|Any CPU
		Release|Any CPU = Release|Any CPU
	EndGlobalSection
	GlobalSection(ProjectConfigurationPlatforms) = postSolution
		{1DC2536B-84D2-409F-ACB5-34590E0C6704}.Debug|Any CPU.ActiveCfg = Debug|Any CPU
		{1DC2536B-84D2-409F-ACB5-34590E0C6704}.Debug|Any CPU.Build.0 = Debug|Any CPU
		{1DC2536B-84D2-409F-ACB5-34590E0C6704}.Release|Any CPU.ActiveCfg = Release|Any CPU
		{1DC2536B-84D2-409F-ACB5-34590E0C6704}.Release|Any CPU.Build.0 = Release|Any CPU
	EndGlobalSection
	GlobalSection(SolutionProperties) = preSolution
		HideSolutionNode = FALSE
	EndGlobalSection
	GlobalSection(ExtensibilityGlobals) = postSolution
		SolutionGuid = {81A2447E-DABC-4BCB-B6F5-5BF98520D852}
	EndGlobalSection
EndGlobal
