
Microsoft Visual Studio Solution File, Format Version 12.00
# Visual Studio Version 16
VisualStudioVersion = 16.0.30523.141
MinimumVisualStudioVersion = 10.0.40219.1
Project("{FAE04EC0-301F-11D3-BF4B-00C04F79EFBC}") = "triygolnik", "triygolnik\triygolnik.csproj", "{A8E2505F-66A1-4DAF-90B0-12C259C8D0E5}"
EndProject
Global
	GlobalSection(SolutionConfigurationPlatforms) = preSolution
		Debug|Any CPU = Debug|Any CPU
		Release|Any CPU = Release|Any CPU
	EndGlobalSection
	GlobalSection(ProjectConfigurationPlatforms) = postSolution
		{A8E2505F-66A1-4DAF-90B0-12C259C8D0E5}.Debug|Any CPU.ActiveCfg = Debug|Any CPU
		{A8E2505F-66A1-4DAF-90B0-12C259C8D0E5}.Debug|Any CPU.Build.0 = Debug|Any CPU
		{A8E2505F-66A1-4DAF-90B0-12C259C8D0E5}.Release|Any CPU.ActiveCfg = Release|Any CPU
		{A8E2505F-66A1-4DAF-90B0-12C259C8D0E5}.Release|Any CPU.Build.0 = Release|Any CPU
	EndGlobalSection
	GlobalSection(SolutionProperties) = preSolution
		HideSolutionNode = FALSE
	EndGlobalSection
	GlobalSection(ExtensibilityGlobals) = postSolution
		SolutionGuid = {F26C74F6-D61C-4D01-9311-C6A75C1D9644}
	EndGlobalSection
EndGlobal
